
Microsoft Visual Studio Solution File, Format Version 12.00
# Visual Studio Version 17
VisualStudioVersion = 17.5.33516.290
MinimumVisualStudioVersion = 10.0.40219.1
Project("{9A19103F-16F7-4668-BE54-9A1E7A4F7556}") = "Blog", "Blog.csproj", "{5551E26E-5966-4138-90B9-56BA3FE7FB67}"
EndProject
Global
	GlobalSection(SolutionConfigurationPlatforms) = preSolution
		Debug|Any CPU = Debug|Any CPU
		Release|Any CPU = Release|Any CPU
	EndGlobalSection
	GlobalSection(ProjectConfigurationPlatforms) = postSolution
		{5551E26E-5966-4138-90B9-56BA3FE7FB67}.Debug|Any CPU.ActiveCfg = Debug|Any CPU
		{5551E26E-5966-4138-90B9-56BA3FE7FB67}.Debug|Any CPU.Build.0 = Debug|Any CPU
		{5551E26E-5966-4138-90B9-56BA3FE7FB67}.Release|Any CPU.ActiveCfg = Release|Any CPU
		{5551E26E-5966-4138-90B9-56BA3FE7FB67}.Release|Any CPU.Build.0 = Release|Any CPU
	EndGlobalSection
	GlobalSection(SolutionProperties) = preSolution
		HideSolutionNode = FALSE
	EndGlobalSection
	GlobalSection(ExtensibilityGlobals) = postSolution
		SolutionGuid = {213C45F3-B41A-4FED-93CF-7D5834B48A0A}
	EndGlobalSection
EndGlobal
